{
  "pins" : [
    {
      "identity" : "infinitescrollcollectionview",
      "kind" : "remoteSourceControl",
      "location" : "https://github.com/jokerphuongnam/InfiniteScrollCollectionView.git",
      "state" : {
        "revision" : "b72746989ec71418fcb73a44014b6654c39e497a",
        "version" : "1.0.6"
      }
    }
  ],
  "version" : 2
}
